PODS:
  - AparajitaCapacitorBiometricAuth (10.0.0):
    - Capacitor
  - Capacitor (8.5.0):
    - CapacitorCordova
  - CapacitorApp (8.1.1):
    - Capacitor
  - CapacitorCordova (8.5.0)
  - CapacitorFilesystem (8.1.3):
    - Capacitor
    - IONFilesystemLib (~> 1.1.1)
  - CapacitorLocalNotifications (8.3.1):
    - Capacitor
  - CapacitorShare (8.0.1):
    - Capacitor
  - CapacitorSplashScreen (8.0.2):
    - Capacitor
  - CapacitorStatusBar (8.0.3):
    - Capacitor
  - IONFilesystemLib (1.1.2)

DEPENDENCIES:
  - "AparajitaCapacitorBiometricAuth (from `../../node_modules/.pnpm/@aparajita+capacitor-biometric-auth@10.0.0/node_modules/@aparajita/capacitor-biometric-auth`)"
  - "Capacitor (from `../../node_modules/.pnpm/@capacitor+ios@8.5.0_@capacitor+core@8.5.0/node_modules/@capacitor/ios`)"
  - "CapacitorApp (from `../../node_modules/.pnpm/@capacitor+app@8.1.1_@capacitor+core@8.5.0/node_modules/@capacitor/app`)"
  - "CapacitorCordova (from `../../node_modules/.pnpm/@capacitor+ios@8.5.0_@capacitor+core@8.5.0/node_modules/@capacitor/ios`)"
  - "CapacitorFilesystem (from `../../node_modules/.pnpm/@capacitor+filesystem@8.1.3_@capacitor+core@8.5.0/node_modules/@capacitor/filesystem`)"
  - "CapacitorLocalNotifications (from `../../node_modules/.pnpm/@capacitor+local-notifications@8.3.1_@capacitor+core@8.5.0/node_modules/@capacitor/local-notifications`)"
  - "CapacitorShare (from `../../node_modules/.pnpm/@capacitor+share@8.0.1_@capacitor+core@8.5.0/node_modules/@capacitor/share`)"
  - "CapacitorSplashScreen (from `../../node_modules/.pnpm/@capacitor+splash-screen@8.0.2_@capacitor+core@8.5.0/node_modules/@capacitor/splash-screen`)"
  - "CapacitorStatusBar (from `../../node_modules/.pnpm/@capacitor+status-bar@8.0.3_@capacitor+core@8.5.0/node_modules/@capacitor/status-bar`)"

SPEC REPOS:
  trunk:
    - IONFilesystemLib

EXTERNAL SOURCES:
  AparajitaCapacitorBiometricAuth:
    :path: "../../node_modules/.pnpm/@aparajita+capacitor-biometric-auth@10.0.0/node_modules/@aparajita/capacitor-biometric-auth"
  Capacitor:
    :path: "../../node_modules/.pnpm/@capacitor+ios@8.5.0_@capacitor+core@8.5.0/node_modules/@capacitor/ios"
  CapacitorApp:
    :path: "../../node_modules/.pnpm/@capacitor+app@8.1.1_@capacitor+core@8.5.0/node_modules/@capacitor/app"
  CapacitorCordova:
    :path: "../../node_modules/.pnpm/@capacitor+ios@8.5.0_@capacitor+core@8.5.0/node_modules/@capacitor/ios"
  CapacitorFilesystem:
    :path: "../../node_modules/.pnpm/@capacitor+filesystem@8.1.3_@capacitor+core@8.5.0/node_modules/@capacitor/filesystem"
  CapacitorLocalNotifications:
    :path: "../../node_modules/.pnpm/@capacitor+local-notifications@8.3.1_@capacitor+core@8.5.0/node_modules/@capacitor/local-notifications"
  CapacitorShare:
    :path: "../../node_modules/.pnpm/@capacitor+share@8.0.1_@capacitor+core@8.5.0/node_modules/@capacitor/share"
  CapacitorSplashScreen:
    :path: "../../node_modules/.pnpm/@capacitor+splash-screen@8.0.2_@capacitor+core@8.5.0/node_modules/@capacitor/splash-screen"
  CapacitorStatusBar:
    :path: "../../node_modules/.pnpm/@capacitor+status-bar@8.0.3_@capacitor+core@8.5.0/node_modules/@capacitor/status-bar"

SPEC CHECKSUMS:
  AparajitaCapacitorBiometricAuth: 4932b9d9cbcd7ffeacefdfdfd9f9fd5ef06cd253
  Capacitor: 34ed46c7364734d8d92feb1949ba731013acc93e
  CapacitorApp: 9fd99482b6536ddf1a54721ce678145fc7fa3418
  CapacitorCordova: 9d3acbb574048e7167d2af127a0af2123e619f2f
  CapacitorFilesystem: 8ad396fd0d680c15d018577f3d92dc1397f477de
  CapacitorLocalNotifications: ab98bfae3fa8646b1fadd79485ce1be010dea21f
  CapacitorShare: 8a565649d321a05a1ae8b525b2a9b4f2d92c70ce
  CapacitorSplashScreen: 120117d1b2264bba31a6e6f998f51e510144dd12
  CapacitorStatusBar: 40bdc21352ecc617ec71c45ea06d669cdd2da8df
  IONFilesystemLib: 21a63377696b2d8fab5632ecfb7d2ac67bddb68a

PODFILE CHECKSUM: 58bda0ab95619d96b353e7a0ea33428d6cd01ca6

COCOAPODS: 1.13.0
